// !$*UTF8*$!
{
	archiveVersion = 1;
	classes = {
	};
	objectVersion = 70;
	objects = {

/* Begin PBXBuildFile section */
		A51E32242F0D56C100C17718 /* Sparkle in Frameworks */ = {isa = PBXBuildFile; productRef = A51E32232F0D56C100C17718 /* Sparkle */; };
		BCD0E03A210F5E0D00CE5C7B /* SnagTests.swift in Sources */ = {isa = PBXBuildFile; fileRef = BCD0E039210F5E0D00CE5C7B /* SnagTests.swift */; };
		BCD0E045210F5E0D00CE5C7B /* SnagUITests.swift in Sources */ = {isa = PBXBuildFile; fileRef = BCD0E044210F5E0D00CE5C7B /* SnagUITests.swift */; };
/* End PBXBuildFile section */

/* Begin PBXContainerItemProxy section */
		BCD0E036210F5E0D00CE5C7B /* PBXContainerItemProxy */ = {
			isa = PBXContainerItemProxy;
			containerPortal = BCD0E01B210F5E0D00CE5C7B /* Project object */;
			proxyType = 1;
			remoteGlobalIDString = BCD0E022210F5E0D00CE5C7B;
			remoteInfo = Snag;
		};
		BCD0E041210F5E0D00CE5C7B /* PBXContainerItemProxy */ = {
			isa = PBXContainerItemProxy;
			containerPortal = BCD0E01B210F5E0D00CE5C7B /* Project object */;
			proxyType = 1;
			remoteGlobalIDString = BCD0E022210F5E0D00CE5C7B;
			remoteInfo = Snag;
		};
/* End PBXContainerItemProxy section */

/* Begin PBXFileReference section */
		BCD0E023210F5E0D00CE5C7B /* Snag.app */ = {isa = PBXFileReference; explicitFileType = wrapper.application; includeInIndex = 0; path = Snag.app; sourceTree = BUILT_PRODUCTS_DIR; };
		BCD0E035210F5E0D00CE5C7B /* SnagTests.xctest */ = {isa = PBXFileReference; explicitFileType = wrapper.cfbundle; includeInIndex = 0; path = SnagTests.xctest; sourceTree = BUILT_PRODUCTS_DIR; };
		BCD0E039210F5E0D00CE5C7B /* SnagTests.swift */ = {isa = PBXFileReference; lastKnownFileType = sourcecode.swift; path = SnagTests.swift; sourceTree = "<group>"; };
		BCD0E03B210F5E0D00CE5C7B /* Info.plist */ = {isa = PBXFileReference; lastKnownFileType = text.plist.xml; path = Info.plist; sourceTree = "<group>"; };
		BCD0E040210F5E0D00CE5C7B /* SnagUITests.xctest */ = {isa = PBXFileReference; explicitFileType = wrapper.cfbundle; includeInIndex = 0; path = SnagUITests.xctest; sourceTree = BUILT_PRODUCTS_DIR; };
		BCD0E044210F5E0D00CE5C7B /* SnagUITests.swift */ = {isa = PBXFileReference; lastKnownFileType = sourcecode.swift; path = SnagUITests.swift; sourceTree = "<group>"; };
		BCD0E046210F5E0D00CE5C7B /* Info.plist */ = {isa = PBXFileReference; lastKnownFileType = text.plist.xml; path = Info.plist; sourceTree = "<group>"; };
/* End PBXFileReference section */

/* Begin PBXFileSystemSynchronizedBuildFileExceptionSet section */
		A5342F882F18C192001B195F /* PBXFileSystemSynchronizedBuildFileExceptionSet */ = {
			isa = PBXFileSystemSynchronizedBuildFileExceptionSet;
			membershipExceptions = (
				Info.plist,
			);
			target = BCD0E022210F5E0D00CE5C7B /* Snag */;
		};
/* End PBXFileSystemSynchronizedBuildFileExceptionSet section */

/* Begin PBXFileSystemSynchronizedRootGroup section */
		A5342DA02F18BAC1001B195F /* App */ = {isa = PBXFileSystemSynchronizedRootGroup; exceptions = (A5342F882F18C192001B195F /* PBXFileSystemSynchronizedBuildFileExceptionSet */, ); explicitFileTypes = {}; explicitFolders = (); path = App; sourceTree = "<group>"; };
		A5342DC82F18BAC1001B195F /* Core */ = {isa = PBXFileSystemSynchronizedRootGroup; explicitFileTypes = {}; explicitFolders = (); path = Core; sourceTree = "<group>"; };
		A5342E002F18BAC1001B195F /* Features */ = {isa = PBXFileSystemSynchronizedRootGroup; explicitFileTypes = {}; explicitFolders = (); path = Features; sourceTree = "<group>"; };
		A5342E082F18BAC1001B195F /* Resources */ = {isa = PBXFileSystemSynchronizedRootGroup; explicitFileTypes = {}; explicitFolders = (); path = Resources; sourceTree = "<group>"; };
		A5342E232F18BAC1001B195F /* Shared */ = {isa = PBXFileSystemSynchronizedRootGroup; explicitFileTypes = {}; explicitFolders = (); path = Shared; sourceTree = "<group>"; };
/* End PBXFileSystemSynchronizedRootGroup section */

/* Begin PBXFrameworksBuildPhase section */
		BCD0E020210F5E0D00CE5C7B /* Frameworks */ = {
			isa = PBXFrameworksBuildPhase;
			buildActionMask = 2147483647;
			files = (
				A51E32242F0D56C100C17718 /* Sparkle in Frameworks */,
			);
			runOnlyForDeploymentPostprocessing = 0;
		};
		BCD0E032210F5E0D00CE5C7B /* Frameworks */ = {
			isa = PBXFrameworksBuildPhase;
			buildActionMask = 2147483647;
			files = (
			);
			runOnlyForDeploymentPostprocessing = 0;
		};
		BCD0E03D210F5E0D00CE5C7B /* Frameworks */ = {
			isa = PBXFrameworksBuildPhase;
			buildActionMask = 2147483647;
			files = (
			);
			runOnlyForDeploymentPostprocessing = 0;
		};
/* End PBXFrameworksBuildPhase section */

/* Begin PBXGroup section */
		BCD0E01A210F5E0D00CE5C7B = {
			isa = PBXGroup;
			children = (
				BCD0E025210F5E0D00CE5C7B /* Snag */,
				BCD0E038210F5E0D00CE5C7B /* SnagTests */,
				BCD0E043210F5E0D00CE5C7B /* SnagUITests */,
				BCD0E024210F5E0D00CE5C7B /* Products */,
			);
			sourceTree = "<group>";
		};
		BCD0E024210F5E0D00CE5C7B /* Products */ = {
			isa = PBXGroup;
			children = (
				BCD0E023210F5E0D00CE5C7B /* Snag.app */,
				BCD0E035210F5E0D00CE5C7B /* SnagTests.xctest */,
				BCD0E040210F5E0D00CE5C7B /* SnagUITests.xctest */,
			);
			name = Products;
			sourceTree = "<group>";
		};
		BCD0E025210F5E0D00CE5C7B /* Snag */ = {
			isa = PBXGroup;
			children = (
				A5342DA02F18BAC1001B195F /* App */,
				A5342DC82F18BAC1001B195F /* Core */,
				A5342E002F18BAC1001B195F /* Features */,
				A5342E082F18BAC1001B195F /* Resources */,
				A5342E232F18BAC1001B195F /* Shared */,
			);
			path = Snag;
			sourceTree = "<group>";
		};
		BCD0E038210F5E0D00CE5C7B /* SnagTests */ = {
			isa = PBXGroup;
			children = (
				BCD0E039210F5E0D00CE5C7B /* SnagTests.swift */,
				BCD0E03B210F5E0D00CE5C7B /* Info.plist */,
			);
			path = SnagTests;
			sourceTree = "<group>";
		};
		BCD0E043210F5E0D00CE5C7B /* SnagUITests */ = {
			isa = PBXGroup;
			children = (
				BCD0E044210F5E0D00CE5C7B /* SnagUITests.swift */,
				BCD0E046210F5E0D00CE5C7B /* Info.plist */,
			);
			path = SnagUITests;
			sourceTree = "<group>";
		};
/* End PBXGroup section */

/* Begin PBXNativeTarget section */
		BCD0E022210F5E0D00CE5C7B /* Snag */ = {
			isa = PBXNativeTarget;
			buildConfigurationList = BCD0E049210F5E0D00CE5C7B /* Build configuration list for PBXNativeTarget "Snag" */;
			buildPhases = (
				BCD0E01F210F5E0D00CE5C7B /* Sources */,
				BCD0E020210F5E0D00CE5C7B /* Frameworks */,
				BCD0E021210F5E0D00CE5C7B /* Resources */,
			);
			buildRules = (
			);
			dependencies = (
			);
			fileSystemSynchronizedGroups = (
				A5342DA02F18BAC1001B195F /* App */,
				A5342DC82F18BAC1001B195F /* Core */,
				A5342E002F18BAC1001B195F /* Features */,
				A5342E082F18BAC1001B195F /* Resources */,
				A5342E232F18BAC1001B195F /* Shared */,
			);
			name = Snag;
			productName = Snag;
			productReference = BCD0E023210F5E0D00CE5C7B /* Snag.app */;
			productType = "com.apple.product-type.application";
		};
		BCD0E034210F5E0D00CE5C7B /* SnagTests */ = {
			isa = PBXNativeTarget;
			buildConfigurationList = BCD0E04C210F5E0D00CE5C7B /* Build configuration list for PBXNativeTarget "SnagTests" */;
			buildPhases = (
				BCD0E031210F5E0D00CE5C7B /* Sources */,
				BCD0E032210F5E0D00CE5C7B /* Frameworks */,
				BCD0E033210F5E0D00CE5C7B /* Resources */,
			);
			buildRules = (
			);
			dependencies = (
				BCD0E037210F5E0D00CE5C7B /* PBXTargetDependency */,
			);
			name = SnagTests;
			productName = SnagTests;
			productReference = BCD0E035210F5E0D00CE5C7B /* SnagTests.xctest */;
			productType = "com.apple.product-type.bundle.unit-test";
		};
		BCD0E03F210F5E0D00CE5C7B /* SnagUITests */ = {
			isa = PBXNativeTarget;
			buildConfigurationList = BCD0E04F210F5E0D00CE5C7B /* Build configuration list for PBXNativeTarget "SnagUITests" */;
			buildPhases = (
				BCD0E03C210F5E0D00CE5C7B /* Sources */,
				BCD0E03D210F5E0D00CE5C7B /* Frameworks */,
				BCD0E03E210F5E0D00CE5C7B /* Resources */,
			);
			buildRules = (
			);
			dependencies = (
				BCD0E042210F5E0D00CE5C7B /* PBXTargetDependency */,
			);
			name = SnagUITests;
			productName = SnagUITests;
			productReference = BCD0E040210F5E0D00CE5C7B /* SnagUITests.xctest */;
			productType = "com.apple.product-type.bundle.ui-testing";
		};
/* End PBXNativeTarget section */

/* Begin PBXProject section */
		BCD0E01B210F5E0D00CE5C7B /* Project object */ = {
			isa = PBXProject;
			attributes = {
				LastSwiftUpdateCheck = 0920;
				LastUpgradeCheck = 1010;
				ORGANIZATIONNAME = "Cuong Lam";
				TargetAttributes = {
					BCD0E022210F5E0D00CE5C7B = {
						CreatedOnToolsVersion = 9.2;
						ProvisioningStyle = Automatic;
					};
					BCD0E034210F5E0D00CE5C7B = {
						CreatedOnToolsVersion = 9.2;
						ProvisioningStyle = Automatic;
						TestTargetID = BCD0E022210F5E0D00CE5C7B;
					};
					BCD0E03F210F5E0D00CE5C7B = {
						CreatedOnToolsVersion = 9.2;
						ProvisioningStyle = Automatic;
						TestTargetID = BCD0E022210F5E0D00CE5C7B;
					};
				};
			};
			buildConfigurationList = BCD0E01E210F5E0D00CE5C7B /* Build configuration list for PBXProject "Snag" */;
			compatibilityVersion = "Xcode 8.0";
			developmentRegion = en;
			hasScannedForEncodings = 0;
			knownRegions = (
				en,
				Base,
				ja,
				ko,
				vi,
			);
			mainGroup = BCD0E01A210F5E0D00CE5C7B;
			packageReferences = (
				A51E32222F0D56C100C17718 /* XCRemoteSwiftPackageReference "Sparkle" */,
			);
			productRefGroup = BCD0E024210F5E0D00CE5C7B /* Products */;
			projectDirPath = "";
			projectRoot = "";
			targets = (
				BCD0E022210F5E0D00CE5C7B /* Snag */,
				BCD0E034210F5E0D00CE5C7B /* SnagTests */,
				BCD0E03F210F5E0D00CE5C7B /* SnagUITests */,
			);
		};
/* End PBXProject section */

/* Begin PBXResourcesBuildPhase section */
		BCD0E021210F5E0D00CE5C7B /* Resources */ = {
			isa = PBXResourcesBuildPhase;
			buildActionMask = 2147483647;
			files = (
			);
			runOnlyForDeploymentPostprocessing = 0;
		};
		BCD0E033210F5E0D00CE5C7B /* Resources */ = {
			isa = PBXResourcesBuildPhase;
			buildActionMask = 2147483647;
			files = (
			);
			runOnlyForDeploymentPostprocessing = 0;
		};
		BCD0E03E210F5E0D00CE5C7B /* Resources */ = {
			isa = PBXResourcesBuildPhase;
			buildActionMask = 2147483647;
			files = (
			);
			runOnlyForDeploymentPostprocessing = 0;
		};
/* End PBXResourcesBuildPhase section */

/* Begin PBXSourcesBuildPhase section */
		BCD0E01F210F5E0D00CE5C7B /* Sources */ = {
			isa = PBXSourcesBuildPhase;
			buildActionMask = 2147483647;
			files = (
			);
			runOnlyForDeploymentPostprocessing = 0;
		};
		BCD0E031210F5E0D00CE5C7B /* Sources */ = {
			isa = PBXSourcesBuildPhase;
			buildActionMask = 2147483647;
			files = (
				BCD0E03A210F5E0D00CE5C7B /* SnagTests.swift in Sources */,
			);
			runOnlyForDeploymentPostprocessing = 0;
		};
		BCD0E03C210F5E0D00CE5C7B /* Sources */ = {
			isa = PBXSourcesBuildPhase;
			buildActionMask = 2147483647;
			files = (
				BCD0E045210F5E0D00CE5C7B /* SnagUITests.swift in Sources */,
			);
			runOnlyForDeploymentPostprocessing = 0;
		};
/* End PBXSourcesBuildPhase section */

/* Begin PBXTargetDependency section */
		BCD0E037210F5E0D00CE5C7B /* PBXTargetDependency */ = {
			isa = PBXTargetDependency;
			target = BCD0E022210F5E0D00CE5C7B /* Snag */;
			targetProxy = BCD0E036210F5E0D00CE5C7B /* PBXContainerItemProxy */;
		};
		BCD0E042210F5E0D00CE5C7B /* PBXTargetDependency */ = {
			isa = PBXTargetDependency;
			target = BCD0E022210F5E0D00CE5C7B /* Snag */;
			targetProxy = BCD0E041210F5E0D00CE5C7B /* PBXContainerItemProxy */;
		};
/* End PBXTargetDependency section */

/* Begin XCBuildConfiguration section */
		BCD0E047210F5E0D00CE5C7B /* Debug */ = {
			isa = XCBuildConfiguration;
			buildSettings = {
				ALWAYS_SEARCH_USER_PATHS = NO;
				CLANG_ANALYZER_NONNULL = YES;
				CLANG_ANALYZER_NUMBER_OBJECT_CONVERSION = YES_AGGRESSIVE;
				CLANG_CXX_LANGUAGE_STANDARD = "gnu++14";
				CLANG_CXX_LIBRARY = "libc++";
				CLANG_ENABLE_MODULES = YES;
				CLANG_ENABLE_OBJC_ARC = YES;
				CLANG_WARN_BLOCK_CAPTURE_AUTORELEASING = YES;
				CLANG_WARN_BOOL_CONVERSION = YES;
				CLANG_WARN_COMMA = YES;
				CLANG_WARN_CONSTANT_CONVERSION = YES;
				CLANG_WARN_DEPRECATED_OBJC_IMPLEMENTATIONS = YES;
				CLANG_WARN_DIRECT_OBJC_ISA_USAGE = YES_ERROR;
				CLANG_WARN_DOCUMENTATION_COMMENTS = YES;
				CLANG_WARN_EMPTY_BODY = YES;
				CLANG_WARN_ENUM_CONVERSION = YES;
				CLANG_WARN_INFINITE_RECURSION = YES;
				CLANG_WARN_INT_CONVERSION = YES;
				CLANG_WARN_NON_LITERAL_NULL_CONVERSION = YES;
				CLANG_WARN_OBJC_IMPLICIT_RETAIN_SELF = YES;
				CLANG_WARN_OBJC_LITERAL_CONVERSION = YES;
				CLANG_WARN_OBJC_ROOT_CLASS = YES_ERROR;
				CLANG_WARN_RANGE_LOOP_ANALYSIS = YES;
				CLANG_WARN_STRICT_PROTOTYPES = YES;
				CLANG_WARN_SUSPICIOUS_MOVE = YES;
				CLANG_WARN_UNGUARDED_AVAILABILITY = YES_AGGRESSIVE;
				CLANG_WARN_UNREACHABLE_CODE = YES;
				CLANG_WARN__DUPLICATE_METHOD_MATCH = YES;
				CODE_SIGN_IDENTITY = "Mac Developer";
				COPY_PHASE_STRIP = NO;
				DEBUG_INFORMATION_FORMAT = dwarf;
				ENABLE_STRICT_OBJC_MSGSEND = YES;
				ENABLE_TESTABILITY = YES;
				GCC_C_LANGUAGE_STANDARD = gnu11;
				GCC_DYNAMIC_NO_PIC = NO;
				GCC_NO_COMMON_BLOCKS = YES;
				GCC_OPTIMIZATION_LEVEL = 0;
				GCC_PREPROCESSOR_DEFINITIONS = (
					"DEBUG=1",
					"$(inherited)",
				);
				GCC_WARN_64_TO_32_BIT_CONVERSION = YES;
				GCC_WARN_ABOUT_RETURN_TYPE = YES_ERROR;
				GCC_WARN_UNDECLARED_SELECTOR = YES;
				GCC_WARN_UNINITIALIZED_AUTOS = YES_AGGRESSIVE;
				GCC_WARN_UNUSED_FUNCTION = YES;
				GCC_WARN_UNUSED_VARIABLE = YES;
				MACOSX_DEPLOYMENT_TARGET = 10.12;
				MTL_ENABLE_DEBUG_INFO = YES;
				ONLY_ACTIVE_ARCH = YES;
				SDKROOT = macosx;
				SWIFT_ACTIVE_COMPILATION_CONDITIONS = DEBUG;
				SWIFT_OPTIMIZATION_LEVEL = "-Onone";
			};
			name = Debug;
		};
		BCD0E048210F5E0D00CE5C7B /* Release */ = {
			isa = XCBuildConfiguration;
			buildSettings = {
				ALWAYS_SEARCH_USER_PATHS = NO;
				CLANG_ANALYZER_NONNULL = YES;
				CLANG_ANALYZER_NUMBER_OBJECT_CONVERSION = YES_AGGRESSIVE;
				CLANG_CXX_LANGUAGE_STANDARD = "gnu++14";
				CLANG_CXX_LIBRARY = "libc++";
				CLANG_ENABLE_MODULES = YES;
				CLANG_ENABLE_OBJC_ARC = YES;
				CLANG_WARN_BLOCK_CAPTURE_AUTORELEASING = YES;
				CLANG_WARN_BOOL_CONVERSION = YES;
				CLANG_WARN_COMMA = YES;
				CLANG_WARN_CONSTANT_CONVERSION = YES;
				CLANG_WARN_DEPRECATED_OBJC_IMPLEMENTATIONS = YES;
				CLANG_WARN_DIRECT_OBJC_ISA_USAGE = YES_ERROR;
				CLANG_WARN_DOCUMENTATION_COMMENTS = YES;
				CLANG_WARN_EMPTY_BODY = YES;
				CLANG_WARN_ENUM_CONVERSION = YES;
				CLANG_WARN_INFINITE_RECURSION = YES;
				CLANG_WARN_INT_CONVERSION = YES;
				CLANG_WARN_NON_LITERAL_NULL_CONVERSION = YES;
				CLANG_WARN_OBJC_IMPLICIT_RETAIN_SELF = YES;
				CLANG_WARN_OBJC_LITERAL_CONVERSION = YES;
				CLANG_WARN_OBJC_ROOT_CLASS = YES_ERROR;
				CLANG_WARN_RANGE_LOOP_ANALYSIS = YES;
				CLANG_WARN_STRICT_PROTOTYPES = YES;
				CLANG_WARN_SUSPICIOUS_MOVE = YES;
				CLANG_WARN_UNGUARDED_AVAILABILITY = YES_AGGRESSIVE;
				CLANG_WARN_UNREACHABLE_CODE = YES;
				CLANG_WARN__DUPLICATE_METHOD_MATCH = YES;
				CODE_SIGN_IDENTITY = "Mac Developer";
				COPY_PHASE_STRIP = NO;
				DEBUG_INFORMATION_FORMAT = "dwarf-with-dsym";
				ENABLE_NS_ASSERTIONS = NO;
				ENABLE_STRICT_OBJC_MSGSEND = YES;
				GCC_C_LANGUAGE_STANDARD = gnu11;
				GCC_NO_COMMON_BLOCKS = YES;
				GCC_WARN_64_TO_32_BIT_CONVERSION = YES;
				GCC_WARN_ABOUT_RETURN_TYPE = YES_ERROR;
				GCC_WARN_UNDECLARED_SELECTOR = YES;
				GCC_WARN_UNINITIALIZED_AUTOS = YES_AGGRESSIVE;
				GCC_WARN_UNUSED_FUNCTION = YES;
				GCC_WARN_UNUSED_VARIABLE = YES;
				MACOSX_DEPLOYMENT_TARGET = 10.12;
				MTL_ENABLE_DEBUG_INFO = NO;
				SDKROOT = macosx;
				SWIFT_COMPILATION_MODE = wholemodule;
				SWIFT_OPTIMIZATION_LEVEL = "-O";
			};
			name = Release;
		};
		BCD0E04A210F5E0D00CE5C7B /* Debug */ = {
			isa = XCBuildConfiguration;
			buildSettings = {
				ASSETCATALOG_COMPILER_APPICON_NAME = AppIcon;
				AUTOMATION_APPLE_EVENTS = NO;
				CODE_SIGN_ENTITLEMENTS = Snag/App/Snag.entitlements;
				CODE_SIGN_IDENTITY = "Apple Development";
				CODE_SIGN_STYLE = Automatic;
				COMBINE_HIDPI_IMAGES = YES;
				DEVELOPMENT_TEAM = B76MDLRW26;
				ENABLE_HARDENED_RUNTIME = YES;
				ENABLE_RESOURCE_ACCESS_AUDIO_INPUT = NO;
				ENABLE_RESOURCE_ACCESS_CALENDARS = NO;
				ENABLE_RESOURCE_ACCESS_CAMERA = NO;
				ENABLE_RESOURCE_ACCESS_CONTACTS = NO;
				ENABLE_RESOURCE_ACCESS_LOCATION = NO;
				ENABLE_RESOURCE_ACCESS_PHOTO_LIBRARY = NO;
				INFOPLIST_FILE = Snag/App/Info.plist;
				LD_RUNPATH_SEARCH_PATHS = (
					"$(inherited)",
					"@executable_path/../Frameworks",
				);
				MACOSX_DEPLOYMENT_TARGET = 12.4;
				PRODUCT_BUNDLE_IDENTIFIER = com.snag;
				PRODUCT_NAME = "$(TARGET_NAME)";
				PROVISIONING_PROFILE_SPECIFIER = "";
				RUNTIME_EXCEPTION_ALLOW_DYLD_ENVIRONMENT_VARIABLES = NO;
				RUNTIME_EXCEPTION_ALLOW_JIT = NO;
				RUNTIME_EXCEPTION_ALLOW_UNSIGNED_EXECUTABLE_MEMORY = NO;
				RUNTIME_EXCEPTION_DEBUGGING_TOOL = YES;
				RUNTIME_EXCEPTION_DISABLE_EXECUTABLE_PAGE_PROTECTION = NO;
				RUNTIME_EXCEPTION_DISABLE_LIBRARY_VALIDATION = NO;
				SWIFT_VERSION = 4.2;
			};
			name = Debug;
		};
		BCD0E04B210F5E0D00CE5C7B /* Release */ = {
			isa = XCBuildConfiguration;
			buildSettings = {
				ASSETCATALOG_COMPILER_APPICON_NAME = AppIcon;
				AUTOMATION_APPLE_EVENTS = NO;
				CODE_SIGN_ENTITLEMENTS = Snag/App/Snag.entitlements;
				CODE_SIGN_IDENTITY = "Apple Development";
				CODE_SIGN_STYLE = Automatic;
				COMBINE_HIDPI_IMAGES = YES;
				DEVELOPMENT_TEAM = B76MDLRW26;
				ENABLE_HARDENED_RUNTIME = YES;
				ENABLE_RESOURCE_ACCESS_AUDIO_INPUT = NO;
				ENABLE_RESOURCE_ACCESS_CALENDARS = NO;
				ENABLE_RESOURCE_ACCESS_CAMERA = NO;
				ENABLE_RESOURCE_ACCESS_CONTACTS = NO;
				ENABLE_RESOURCE_ACCESS_LOCATION = NO;
				ENABLE_RESOURCE_ACCESS_PHOTO_LIBRARY = NO;
				INFOPLIST_FILE = Snag/App/Info.plist;
				LD_RUNPATH_SEARCH_PATHS = (
					"$(inherited)",
					"@executable_path/../Frameworks",
				);
				MACOSX_DEPLOYMENT_TARGET = 12.4;
				PRODUCT_BUNDLE_IDENTIFIER = com.snag;
				PRODUCT_NAME = "$(TARGET_NAME)";
				PROVISIONING_PROFILE_SPECIFIER = "";
				RUNTIME_EXCEPTION_ALLOW_DYLD_ENVIRONMENT_VARIABLES = NO;
				RUNTIME_EXCEPTION_ALLOW_JIT = NO;
				RUNTIME_EXCEPTION_ALLOW_UNSIGNED_EXECUTABLE_MEMORY = NO;
				RUNTIME_EXCEPTION_DEBUGGING_TOOL = YES;
				RUNTIME_EXCEPTION_DISABLE_EXECUTABLE_PAGE_PROTECTION = NO;
				RUNTIME_EXCEPTION_DISABLE_LIBRARY_VALIDATION = NO;
				SWIFT_VERSION = 4.2;
			};
			name = Release;
		};
		BCD0E04D210F5E0D00CE5C7B /* Debug */ = {
			isa = XCBuildConfiguration;
			buildSettings = {
				BUNDLE_LOADER = "$(TEST_HOST)";
				CODE_SIGN_STYLE = Automatic;
				COMBINE_HIDPI_IMAGES = YES;
				DEVELOPMENT_TEAM = B76MDLRW26;
				INFOPLIST_FILE = SnagTests/Info.plist;
				LD_RUNPATH_SEARCH_PATHS = (
					"$(inherited)",
					"@executable_path/../Frameworks",
					"@loader_path/../Frameworks",
				);
				MACOSX_DEPLOYMENT_TARGET = 12.4;
				PRODUCT_BUNDLE_IDENTIFIER = com.snag.Tests;
				PRODUCT_NAME = "$(TARGET_NAME)";
				SWIFT_VERSION = 4.2;
				TEST_HOST = "$(BUILT_PRODUCTS_DIR)/Snag.app/Contents/MacOS/Snag";
			};
			name = Debug;
		};
		BCD0E04E210F5E0D00CE5C7B /* Release */ = {
			isa = XCBuildConfiguration;
			buildSettings = {
				BUNDLE_LOADER = "$(TEST_HOST)";
				CODE_SIGN_STYLE = Automatic;
				COMBINE_HIDPI_IMAGES = YES;
				DEVELOPMENT_TEAM = B76MDLRW26;
				INFOPLIST_FILE = SnagTests/Info.plist;
				LD_RUNPATH_SEARCH_PATHS = (
					"$(inherited)",
					"@executable_path/../Frameworks",
					"@loader_path/../Frameworks",
				);
				MACOSX_DEPLOYMENT_TARGET = 12.4;
				PRODUCT_BUNDLE_IDENTIFIER = com.snag.Tests;
				PRODUCT_NAME = "$(TARGET_NAME)";
				SWIFT_VERSION = 4.2;
				TEST_HOST = "$(BUILT_PRODUCTS_DIR)/Snag.app/Contents/MacOS/Snag";
			};
			name = Release;
		};
		BCD0E050210F5E0D00CE5C7B /* Debug */ = {
			isa = XCBuildConfiguration;
			buildSettings = {
				CODE_SIGN_STYLE = Automatic;
				COMBINE_HIDPI_IMAGES = YES;
				DEVELOPMENT_TEAM = B76MDLRW26;
				INFOPLIST_FILE = SnagUITests/Info.plist;
				LD_RUNPATH_SEARCH_PATHS = (
					"$(inherited)",
					"@executable_path/../Frameworks",
					"@loader_path/../Frameworks",
				);
				MACOSX_DEPLOYMENT_TARGET = 12.4;
				PRODUCT_BUNDLE_IDENTIFIER = com.snag.UITests;
				PRODUCT_NAME = "$(TARGET_NAME)";
				SWIFT_VERSION = 4.2;
				TEST_TARGET_NAME = Snag;
			};
			name = Debug;
		};
		BCD0E051210F5E0D00CE5C7B /* Release */ = {
			isa = XCBuildConfiguration;
			buildSettings = {
				CODE_SIGN_STYLE = Automatic;
				COMBINE_HIDPI_IMAGES = YES;
				DEVELOPMENT_TEAM = B76MDLRW26;
				INFOPLIST_FILE = SnagUITests/Info.plist;
				LD_RUNPATH_SEARCH_PATHS = (
					"$(inherited)",
					"@executable_path/../Frameworks",
					"@loader_path/../Frameworks",
				);
				MACOSX_DEPLOYMENT_TARGET = 12.4;
				PRODUCT_BUNDLE_IDENTIFIER = com.snag.UITests;
				PRODUCT_NAME = "$(TARGET_NAME)";
				SWIFT_VERSION = 4.2;
				TEST_TARGET_NAME = Snag;
			};
			name = Release;
		};
/* End XCBuildConfiguration section */

/* Begin XCConfigurationList section */
		BCD0E01E210F5E0D00CE5C7B /* Build configuration list for PBXProject "Snag" */ = {
			isa = XCConfigurationList;
			buildConfigurations = (
				BCD0E047210F5E0D00CE5C7B /* Debug */,
				BCD0E048210F5E0D00CE5C7B /* Release */,
			);
			defaultConfigurationIsVisible = 0;
			defaultConfigurationName = Release;
		};
		BCD0E049210F5E0D00CE5C7B /* Build configuration list for PBXNativeTarget "Snag" */ = {
			isa = XCConfigurationList;
			buildConfigurations = (
				BCD0E04A210F5E0D00CE5C7B /* Debug */,
				BCD0E04B210F5E0D00CE5C7B /* Release */,
			);
			defaultConfigurationIsVisible = 0;
			defaultConfigurationName = Release;
		};
		BCD0E04C210F5E0D00CE5C7B /* Build configuration list for PBXNativeTarget "SnagTests" */ = {
			isa = XCConfigurationList;
			buildConfigurations = (
				BCD0E04D210F5E0D00CE5C7B /* Debug */,
				BCD0E04E210F5E0D00CE5C7B /* Release */,
			);
			defaultConfigurationIsVisible = 0;
			defaultConfigurationName = Release;
		};
		BCD0E04F210F5E0D00CE5C7B /* Build configuration list for PBXNativeTarget "SnagUITests" */ = {
			isa = XCConfigurationList;
			buildConfigurations = (
				BCD0E050210F5E0D00CE5C7B /* Debug */,
				BCD0E051210F5E0D00CE5C7B /* Release */,
			);
			defaultConfigurationIsVisible = 0;
			defaultConfigurationName = Release;
		};
/* End XCConfigurationList section */

/* Begin XCRemoteSwiftPackageReference section */
		A51E32222F0D56C100C17718 /* XCRemoteSwiftPackageReference "Sparkle" */ = {
			isa = XCRemoteSwiftPackageReference;
			repositoryURL = "https://github.com/sparkle-project/Sparkle.git";
			requirement = {
				kind = upToNextMajorVersion;
				minimumVersion = 2.8.1;
			};
		};
/* End XCRemoteSwiftPackageReference section */

/* Begin XCSwiftPackageProductDependency section */
		A51E32232F0D56C100C17718 /* Sparkle */ = {
			isa = XCSwiftPackageProductDependency;
			package = A51E32222F0D56C100C17718 /* XCRemoteSwiftPackageReference "Sparkle" */;
			productName = Sparkle;
		};
/* End XCSwiftPackageProductDependency section */
	};
	rootObject = BCD0E01B210F5E0D00CE5C7B /* Project object */;
}
